# THIS IS AN AUTOGENERATED FILE. DO NOT EDIT THIS FILE DIRECTLY.
# yarn lockfile v1


create-vite@^3.0.0:
  version "3.2.1"
  resolved "https://registry.yarnpkg.com/create-vite/-/create-vite-3.2.1.tgz#3e23dc09f1e7a3aa9b0c2f4922d1ff398b453046"
  integrity sha512-/VGNmHzr1NhOIrd4XM4wqsdLc7C2zdtihOo9sZPKu/bY9XqWbwTG5IxevJ/z8P9w4RrqpwaHY09WH0ZPBUPCXQ==
