# THIS IS AN AUTOGENERATED FILE. DO NOT EDIT THIS FILE DIRECTLY.
# yarn lockfile v1


create-vite@^8.0.0:
  version "8.3.0"
  resolved "https://registry.yarnpkg.com/create-vite/-/create-vite-8.3.0.tgz#4addb78fe6f996a8f8c12a8e9bda1bff37e18baf"
  integrity sha512-58bnPOiwODNTOV60tS/zttmTG1V1xZJThqqvpDPmp0i55fT9i2YsjWdnx7uFy0/FmWRUv4HJeEPlq6zAW3hwTQ==
