# THIS IS AN AUTOGENERATED FILE. DO NOT EDIT THIS FILE DIRECTLY.
# yarn lockfile v1


create-vite@^9.0.0:
  version "9.1.2"
  resolved "https://registry.yarnpkg.com/create-vite/-/create-vite-9.1.2.tgz#5f9f236e0dff21247e1a34aeceb8f34286d7f2c0"
  integrity sha512-6plDCgTP2LHMQ4QHw8ZgUE+z9vOIU30lC0aq/wF4cOtGNaJg72DdsPS8Jm9geAVnyr4QjgRfepMn8lkXyeSh0g==
